
Microsoft Visual Studio Solution File, Format Version 12.00
# Visual Studio Version 16
VisualStudioVersion = 16.0.30523.141
MinimumVisualStudioVersion = 10.0.40219.1
Project("{FAE04EC0-301F-11D3-BF4B-00C04F79EFBC}") = "ADBTeam13_DB4O", "ADBTeam13_DB4O\ADBTeam13_DB4O.csproj", "{079569EB-763C-4ECF-957D-FAE80C7DF98B}"
EndProject
Global
	GlobalSection(SolutionConfigurationPlatforms) = preSolution
		Debug|Any CPU = Debug|Any CPU
		Release|Any CPU = Release|Any CPU
	EndGlobalSection
	GlobalSection(ProjectConfigurationPlatforms) = postSolution
		{079569EB-763C-4ECF-957D-FAE80C7DF98B}.Debug|Any CPU.ActiveCfg = Debug|Any CPU
		{079569EB-763C-4ECF-957D-FAE80C7DF98B}.Debug|Any CPU.Build.0 = Debug|Any CPU
		{079569EB-763C-4ECF-957D-FAE80C7DF98B}.Release|Any CPU.ActiveCfg = Release|Any CPU
		{079569EB-763C-4ECF-957D-FAE80C7DF98B}.Release|Any CPU.Build.0 = Release|Any CPU
	EndGlobalSection
	GlobalSection(SolutionProperties) = preSolution
		HideSolutionNode = FALSE
	EndGlobalSection
	GlobalSection(ExtensibilityGlobals) = postSolution
		SolutionGuid = {14333176-4839-402B-AC1C-548ED259C945}
	EndGlobalSection
EndGlobal
